
Microsoft Visual Studio Solution File, Format Version 12.00
# Visual Studio Version 16
VisualStudioVersion = 16.0.31321.278
MinimumVisualStudioVersion = 10.0.40219.1
Project("{FAE04EC0-301F-11D3-BF4B-00C04F79EFBC}") = "MyTeam.WebApiCore", "MyTeam.WebApiCore\MyTeam.WebApiCore.csproj", "{ABA551E3-DF32-4B18-8E8D-70F13E98E4A7}"
EndProject
Project("{FAE04EC0-301F-11D3-BF4B-00C04F79EFBC}") = "MyTeam.Core", "MyTeam.Core\MyTeam.Core.csproj", "{86D283FE-43E9-4A14-8AE8-A07102FD39EB}"
EndProject
Project("{FAE04EC0-301F-11D3-BF4B-00C04F79EFBC}") = "MyTeam.Infrastructure", "MyTeam.Infrastructure\MyTeam.Infrastructure.csproj", "{F73A882C-6F1A-4FBD-91B5-6EF716C1905F}"
EndProject
Global
	GlobalSection(SolutionConfigurationPlatforms) = preSolution
		Debug|Any CPU = Debug|Any CPU
		Release|Any CPU = Release|Any CPU
	EndGlobalSection
	GlobalSection(ProjectConfigurationPlatforms) = postSolution
		{ABA551E3-DF32-4B18-8E8D-70F13E98E4A7}.Debug|Any CPU.ActiveCfg = Debug|Any CPU
		{ABA551E3-DF32-4B18-8E8D-70F13E98E4A7}.Debug|Any CPU.Build.0 = Debug|Any CPU
		{ABA551E3-DF32-4B18-8E8D-70F13E98E4A7}.Release|Any CPU.ActiveCfg = Release|Any CPU
		{ABA551E3-DF32-4B18-8E8D-70F13E98E4A7}.Release|Any CPU.Build.0 = Release|Any CPU
		{86D283FE-43E9-4A14-8AE8-A07102FD39EB}.Debug|Any CPU.ActiveCfg = Debug|Any CPU
		{86D283FE-43E9-4A14-8AE8-A07102FD39EB}.Debug|Any CPU.Build.0 = Debug|Any CPU
		{86D283FE-43E9-4A14-8AE8-A07102FD39EB}.Release|Any CPU.ActiveCfg = Release|Any CPU
		{86D283FE-43E9-4A14-8AE8-A07102FD39EB}.Release|Any CPU.Build.0 = Release|Any CPU
		{F73A882C-6F1A-4FBD-91B5-6EF716C1905F}.Debug|Any CPU.ActiveCfg = Debug|Any CPU
		{F73A882C-6F1A-4FBD-91B5-6EF716C1905F}.Debug|Any CPU.Build.0 = Debug|Any CPU
		{F73A882C-6F1A-4FBD-91B5-6EF716C1905F}.Release|Any CPU.ActiveCfg = Release|Any CPU
		{F73A882C-6F1A-4FBD-91B5-6EF716C1905F}.Release|Any CPU.Build.0 = Release|Any CPU
	EndGlobalSection
	GlobalSection(SolutionProperties) = preSolution
		HideSolutionNode = FALSE
	EndGlobalSection
	GlobalSection(ExtensibilityGlobals) = postSolution
		SolutionGuid = {BAC6E176-79C3-4F6E-B82B-015176F47DEC}
	EndGlobalSection
EndGlobal
